{
  "requires": true,
  "lockfileVersion": 1,
  "dependencies": {
    "use-state-if-mounted": {
      "version": "1.0.7",
      "resolved": "https://registry.npmjs.org/use-state-if-mounted/-/use-state-if-mounted-1.0.7.tgz",
      "integrity": "sha512-f1uTjeGEbnw6n5D+5kxOOJJF/qSNR+os8NUjye07yk7MljnsJ4Si5/5uEPwOOiBpCw1lkgurccx3UynScrFcdA=="
    }
  }
}
